dependencies:
- name: common
  repository: oci://ghcr.io/platform-mesh/helm-charts
  version: 0.15.0
- name: platform-mesh-operator-crds
  repository: file://../platform-mesh-operator-crds
  version: 0.13.0
digest: sha256:6ab5065c4f73be128b0d71dd266ece548a49201054d3fd37f771751df992cd8d
generated: "2026-09-30T13:43:32.30207046+03:00"
