dependencies:
- name: common
  repository: oci://ghcr.io/platform-mesh/helm-charts
  version: 0.12.1
- name: platform-mesh-operator-crds
  repository: oci://ghcr.io/platform-mesh/helm-charts
  version: 0.4.2
digest: sha256:c0c17f76193d328166513b1b881bc1e9c46f2cb11c472208e4696302522faf11
generated: "2026-03-30T08:51:57.281109497+02:00"
