dependencies:
- name: security-operator-crds
  repository: file://../security-operator-crds
  version: 0.3.0
- name: common
  repository: file://../common
  version: 0.5.6
digest: sha256:1bc8f40af5055dc7debfbe0a7832da05fc1d95ed9d04c8e812b79dee0909a37c
generated: "2025-08-13T14:00:20.135750693+03:00"
