dependencies:
- name: security-operator-crds
  repository: oci://ghcr.io/platform-mesh/helm-charts
  version: 0.6.0
- name: common
  repository: oci://ghcr.io/platform-mesh/helm-charts
  version: 0.15.0
digest: sha256:ceed7f2c677eee55b06a15f5b4cf91ece929d5f6a46f6d45a8a4f94b716f2c95
generated: "2026-09-20T06:25:49.715603421Z"
