dependencies:
- name: extension-manager-operator-crds
  repository: oci://ghcr.io/openmfp/helm-charts
  version: 0.2.1
- name: common
  repository: oci://ghcr.io/openmfp/helm-charts
  version: 0.5.3
digest: sha256:e925428c1ea1c07d503edde6a43641861e6dd6fa362af28360b061ca01669fa5
generated: "2025-08-14T05:21:50.604412638Z"
