dependencies:
- name: extension-manager-operator-crds
  repository: oci://ghcr.io/platform-mesh/helm-charts
  version: 0.5.0
- name: common
  repository: oci://ghcr.io/platform-mesh/helm-charts
  version: 0.15.1
digest: sha256:06982237c39961feaa20b4fcd4d65e13e230cb1ca7e11bd7eea29688619b002d
generated: "2026-09-27T03:49:08.851398942Z"
