dependencies:
- name: prometheus
  repository: https://prometheus-community.github.io/helm-charts
  version: 29.29.0
- name: common
  repository: oci://ghcr.io/platform-mesh/helm-charts
  version: 0.15.0
digest: sha256:c67c2fc9fd81e6cb67f0ed78fc14529d85f853aaed3c2bec49705edf4aa60dfd
generated: "2026-09-20T06:25:39.003182744Z"
