dependencies:
- name: prometheus-operator-crds
  repository: https://prometheus-community.github.io/helm-charts
  version: 28.0.1
- name: opentelemetry-operator
  repository: https://open-telemetry.github.io/opentelemetry-helm-charts
  version: 0.112.1
- name: prometheus
  repository: https://prometheus-community.github.io/helm-charts
  version: 29.6.0
digest: sha256:60b48db158d92c98883971bde716e8d9353fafbb358ddc5d6e4b5e6d3c40ac29
generated: "2026-05-17T12:23:14.013368232Z"
