dependencies:
- name: account-operator-crds
  repository: oci://ghcr.io/platform-mesh/helm-charts
  version: 0.2.5
- name: common
  repository: oci://ghcr.io/platform-mesh/helm-charts
  version: 0.12.0
digest: sha256:b72c7410c6912569d873036581f092d06ba23139dbfb98aa3d470fcd95e2ac34
generated: "2026-03-14T16:41:53.988929115Z"
