dependencies:
- name: example-content
  repository: oci://ghcr.io/openmfp/helm-charts
  version: 0.114.39
- name: portal
  repository: oci://ghcr.io/openmfp/helm-charts
  version: 0.74.11
- name: infra
  repository: oci://ghcr.io/openmfp/helm-charts
  version: 0.63.3
- name: extension-manager-operator
  repository: oci://ghcr.io/openmfp/helm-charts
  version: 0.30.95
- name: keycloak
  repository: oci://ghcr.io/openmfp/helm-charts
  version: 0.64.12
digest: sha256:a80d4b3c33782cd0dedc3ab06356c9e3e986a9d8869c4e2e902e179397044c78
generated: "2025-08-08T22:24:22.129251+03:00"
